
Microsoft Visual Studio Solution File, Format Version 12.00
# Visual Studio Version 16
VisualStudioVersion = 16.0.810.6
MinimumVisualStudioVersion = 10.0.40219.1
Project("{FAE04EC0-301F-11D3-BF4B-00C04F79EFBC}") = "YuqueConverter", "YuqueConverter.csproj", "{A609995C-7823-44F1-A1C5-BDEC1B3F0F00}"
EndProject
Global
	GlobalSection(SolutionConfigurationPlatforms) = preSolution
		Debug|Any CPU = Debug|Any CPU
		Release|Any CPU = Release|Any CPU
	EndGlobalSection
	GlobalSection(ProjectConfigurationPlatforms) = postSolution
		{A609995C-7823-44F1-A1C5-BDEC1B3F0F00}.Debug|Any CPU.ActiveCfg = Debug|Any CPU
		{A609995C-7823-44F1-A1C5-BDEC1B3F0F00}.Debug|Any CPU.Build.0 = Debug|Any CPU
		{A609995C-7823-44F1-A1C5-BDEC1B3F0F00}.Release|Any CPU.ActiveCfg = Release|Any CPU
		{A609995C-7823-44F1-A1C5-BDEC1B3F0F00}.Release|Any CPU.Build.0 = Release|Any CPU
	EndGlobalSection
	GlobalSection(SolutionProperties) = preSolution
		HideSolutionNode = FALSE
	EndGlobalSection
	GlobalSection(ExtensibilityGlobals) = postSolution
		SolutionGuid = {D0EFF55D-B1CB-4A8A-B9E0-24502E5441C7}
	EndGlobalSection
EndGlobal
